# This file is autogenerated, do not edit; changes may be undone by the next 'dep ensure'.


[[projects]]
  branch = "master"
  name = "github.com/bmizerany/pat"
  packages = ["."]
  revision = "6226ea591a40176dd3ff9cd8eff81ed6ca721a00"

[[projects]]
  name = "github.com/esimov/triangle"
  packages = ["."]
  revision = "b52803a3e687118c76d801cc79239975a8de3f12"
  version = "v1.0.2"

[[projects]]
  name = "github.com/fogleman/gg"
  packages = ["."]
  revision = "6166aa3c1afaee416f384645a81636267aee6d25"
  version = "v1.0.0"

[[projects]]
  branch = "master"
  name = "github.com/golang/freetype"
  packages = [
    "raster",
    "truetype"
  ]
  revision = "e2365dfdc4a05e4b8299a783240d4a7d5a65d4e4"

[[projects]]
  branch = "master"
  name = "golang.org/x/image"
  packages = [
    "font",
    "font/basicfont",
    "font/plan9font",
    "math/fixed"
  ]
  revision = "f3a9b89b59def9194717c1d0bd4c0d08fa1afa7b"

[solve-meta]
  analyzer-name = "dep"
  analyzer-version = 1
  inputs-digest = "90be1a9bca35d34e55851756043632c5b9354997298f97851bd4e3e6bd3e2893"
  solver-name = "gps-cdcl"
  solver-version = 1
